
Microsoft Visual Studio Solution File, Format Version 12.00
# Visual Studio Version 17
VisualStudioVersion = 17.4.33110.190
MinimumVisualStudioVersion = 10.0.40219.1
Project("{2150E333-8FDC-42A3-9474-1A3956D46DE8}") = "GatewayAPI", "GatewayAPI", "{80056ED7-6F13-495E-8141-064F366FCF99}"
EndProject
Project("{2150E333-8FDC-42A3-9474-1A3956D46DE8}") = "Auth", "Auth", "{CF373F7D-A275-4280-9ED3-715E2521BFF4}"
EndProject
Project("{2150E333-8FDC-42A3-9474-1A3956D46DE8}") = "Product", "Product", "{CBB278CE-F128-4F61-AAFA-6A35FBB33F06}"
EndProject
Project("{2150E333-8FDC-42A3-9474-1A3956D46DE8}") = "Order", "Order", "{47AA5F2E-2D41-43A5-8E6A-7A5EA39D6B28}"
EndProject
Project("{2150E333-8FDC-42A3-9474-1A3956D46DE8}") = "Auth.Core", "Auth.Core", "{0E858793-80E9-452F-AEF2-B64650C5517E}"
EndProject
Project("{2150E333-8FDC-42A3-9474-1A3956D46DE8}") = "Auth.Infrastructure", "Auth.Infrastructure", "{74841141-D1AA-459C-90CE-90B46AC3CE6D}"
EndProject
Project("{2150E333-8FDC-42A3-9474-1A3956D46DE8}") = "Auth.Web", "Auth.Web", "{7AC27E58-5D05-4F12-9E62-E9ABE0683F8F}"
EndProject
Project("{2150E333-8FDC-42A3-9474-1A3956D46DE8}") = "GatewayAPI.Web", "GatewayAPI.Web", "{8660BD80-9440-4EDA-AE8E-E2159E4D9304}"
EndProject
Project("{2150E333-8FDC-42A3-9474-1A3956D46DE8}") = "Order.Core", "Order.Core", "{4660D3DB-1E1E-40C4-92F9-59AB4F4FBBDE}"
EndProject
Project("{2150E333-8FDC-42A3-9474-1A3956D46DE8}") = "Order.Infrastructure", "Order.Infrastructure", "{3441CAE3-2A18-4EA4-8F4F-1F57C6F82702}"
EndProject
Project("{2150E333-8FDC-42A3-9474-1A3956D46DE8}") = "Order.Web", "Order.Web", "{A10A8856-968A-444E-95D3-7A5D5D26864D}"
EndProject
Project("{2150E333-8FDC-42A3-9474-1A3956D46DE8}") = "Product.Core", "Product.Core", "{B920091A-3786-41F1-91A8-68FE7E90EC7A}"
EndProject
Project("{2150E333-8FDC-42A3-9474-1A3956D46DE8}") = "Product.Web", "Product.Web", "{603D3CCB-E587-4699-B536-1CB327CCA5BF}"
EndProject
Project("{9A19103F-16F7-4668-BE54-9A1E7A4F7556}") = "Auth.Application", "AuthService\Auth.Application\Auth.Application.csproj", "{565D64A6-BE9F-4361-948C-44A641991ABB}"
EndProject
Project("{9A19103F-16F7-4668-BE54-9A1E7A4F7556}") = "Auth.Domain", "AuthService\Auth.Domain\Auth.Domain.csproj", "{AC170A0F-C06C-4CDE-98D2-B759CB838B4F}"
EndProject
Project("{9A19103F-16F7-4668-BE54-9A1E7A4F7556}") = "AuthAPI", "AuthService\AuthAPI\AuthAPI.csproj", "{4673E562-84CB-4016-9D48-E11BB119C5FA}"
EndProject
Project("{9A19103F-16F7-4668-BE54-9A1E7A4F7556}") = "GatewayAPI", "GatewayService\GatewayAPI\GatewayAPI.csproj", "{70774612-C79D-4B70-B609-8603774E0985}"
EndProject
Project("{9A19103F-16F7-4668-BE54-9A1E7A4F7556}") = "Order.Application", "OrderSercvice\Order.Application\Order.Application.csproj", "{3E420251-0519-40FE-BC4C-42571CDABFF8}"
EndProject
Project("{9A19103F-16F7-4668-BE54-9A1E7A4F7556}") = "Order.Domain", "OrderSercvice\Order.Domain\Order.Domain.csproj", "{7B82BD2F-7328-444A-BC1F-592316A63A96}"
EndProject
Project("{9A19103F-16F7-4668-BE54-9A1E7A4F7556}") = "Order.Infrastructure", "OrderSercvice\Order.Infrastructure\Order.Infrastructure.csproj", "{0862C8F5-625B-489D-BF1E-3CC0EB3221B3}"
EndProject
Project("{9A19103F-16F7-4668-BE54-9A1E7A4F7556}") = "OrderAPI", "OrderSercvice\OrderAPI\OrderAPI.csproj", "{8285ED82-A566-42FC-95E2-563A9753E7D8}"
EndProject
Project("{9A19103F-16F7-4668-BE54-9A1E7A4F7556}") = "Product.Application", "ProductService\Product.Application\Product.Application.csproj", "{007D9658-400C-4537-A5F2-75E6AE0FF2EB}"
EndProject
Project("{9A19103F-16F7-4668-BE54-9A1E7A4F7556}") = "Product.Domain", "ProductService\Product.Domain\Product.Domain.csproj", "{3E87841F-6637-4FC1-9BC0-DEC80890787A}"
EndProject
Project("{9A19103F-16F7-4668-BE54-9A1E7A4F7556}") = "ProductAPI", "ProductService\ProductAPI\ProductAPI.csproj", "{719704D5-A501-4E75-A2F6-523F8B8E10C8}"
EndProject
Project("{2150E333-8FDC-42A3-9474-1A3956D46DE8}") = "Shared", "Shared", "{F0E14143-5C6C-47E4-9885-6961D3C12930}"
EndProject
Project("{9A19103F-16F7-4668-BE54-9A1E7A4F7556}") = "Shared", "Shared\Shared.csproj", "{A5A8A30D-7106-40B7-9B01-1A613CBC12E1}"
EndProject
Project("{9A19103F-16F7-4668-BE54-9A1E7A4F7556}") = "Auth.Infrastructure", "AuthService\Auth.Infrastructure\Auth.Infrastructure.csproj", "{AB456F68-30D1-4B9A-A08B-57E45FC5040C}"
EndProject
Project("{2150E333-8FDC-42A3-9474-1A3956D46DE8}") = "Product.Infrastructure", "Product.Infrastructure", "{A13A4FE7-C11D-4139-BD3A-D561698BF88B}"
EndProject
Project("{9A19103F-16F7-4668-BE54-9A1E7A4F7556}") = "Product.Infrastructure", "ProductService\Product.Infrastructure\Product.Infrastructure.csproj", "{ED81BAD5-DDCF-407E-B551-652EFAF6ADA1}"
EndProject
Project("{2150E333-8FDC-42A3-9474-1A3956D46DE8}") = "Product.Test", "Product.Test", "{659D0A98-6B8A-48C2-BD52-B3E76076E37B}"
EndProject
Project("{2150E333-8FDC-42A3-9474-1A3956D46DE8}") = "Order.Test", "Order.Test", "{AE1A2051-7CA2-4310-B4B8-98267CC6E701}"
EndProject
Project("{FAE04EC0-301F-11D3-BF4B-00C04F79EFBC}") = "Prodct.ControlerTest", "ProductService\Prodct.ControlerTest\Prodct.ControlerTest.csproj", "{31C621DC-1E63-408C-B001-0CE81549535F}"
EndProject
Project("{FAE04EC0-301F-11D3-BF4B-00C04F79EFBC}") = "Order.Test.Controller", "OrderSercvice\Order.Test.Controller\Order.Test.Controller.csproj", "{8328FE6A-6DDC-4BF6-9FE8-5EE4B65242B0}"
EndProject
Global
	GlobalSection(SolutionConfigurationPlatforms) = preSolution
		Debug|Any CPU = Debug|Any CPU
		Release|Any CPU = Release|Any CPU
	EndGlobalSection
	GlobalSection(ProjectConfigurationPlatforms) = postSolution
		{565D64A6-BE9F-4361-948C-44A641991ABB}.Debug|Any CPU.ActiveCfg = Debug|Any CPU
		{565D64A6-BE9F-4361-948C-44A641991ABB}.Debug|Any CPU.Build.0 = Debug|Any CPU
		{565D64A6-BE9F-4361-948C-44A641991ABB}.Release|Any CPU.ActiveCfg = Release|Any CPU
		{565D64A6-BE9F-4361-948C-44A641991ABB}.Release|Any CPU.Build.0 = Release|Any CPU
		{AC170A0F-C06C-4CDE-98D2-B759CB838B4F}.Debug|Any CPU.ActiveCfg = Debug|Any CPU
		{AC170A0F-C06C-4CDE-98D2-B759CB838B4F}.Debug|Any CPU.Build.0 = Debug|Any CPU
		{AC170A0F-C06C-4CDE-98D2-B759CB838B4F}.Release|Any CPU.ActiveCfg = Release|Any CPU
		{AC170A0F-C06C-4CDE-98D2-B759CB838B4F}.Release|Any CPU.Build.0 = Release|Any CPU
		{4673E562-84CB-4016-9D48-E11BB119C5FA}.Debug|Any CPU.ActiveCfg = Debug|Any CPU
		{4673E562-84CB-4016-9D48-E11BB119C5FA}.Debug|Any CPU.Build.0 = Debug|Any CPU
		{4673E562-84CB-4016-9D48-E11BB119C5FA}.Release|Any CPU.ActiveCfg = Release|Any CPU
		{4673E562-84CB-4016-9D48-E11BB119C5FA}.Release|Any CPU.Build.0 = Release|Any CPU
		{70774612-C79D-4B70-B609-8603774E0985}.Debug|Any CPU.ActiveCfg = Debug|Any CPU
		{70774612-C79D-4B70-B609-8603774E0985}.Debug|Any CPU.Build.0 = Debug|Any CPU
		{70774612-C79D-4B70-B609-8603774E0985}.Release|Any CPU.ActiveCfg = Release|Any CPU
		{70774612-C79D-4B70-B609-8603774E0985}.Release|Any CPU.Build.0 = Release|Any CPU
		{3E420251-0519-40FE-BC4C-42571CDABFF8}.Debug|Any CPU.ActiveCfg = Debug|Any CPU
		{3E420251-0519-40FE-BC4C-42571CDABFF8}.Debug|Any CPU.Build.0 = Debug|Any CPU
		{3E420251-0519-40FE-BC4C-42571CDABFF8}.Release|Any CPU.ActiveCfg = Release|Any CPU
		{3E420251-0519-40FE-BC4C-42571CDABFF8}.Release|Any CPU.Build.0 = Release|Any CPU
		{7B82BD2F-7328-444A-BC1F-592316A63A96}.Debug|Any CPU.ActiveCfg = Debug|Any CPU
		{7B82BD2F-7328-444A-BC1F-592316A63A96}.Debug|Any CPU.Build.0 = Debug|Any CPU
		{7B82BD2F-7328-444A-BC1F-592316A63A96}.Release|Any CPU.ActiveCfg = Release|Any CPU
		{7B82BD2F-7328-444A-BC1F-592316A63A96}.Release|Any CPU.Build.0 = Release|Any CPU
		{0862C8F5-625B-489D-BF1E-3CC0EB3221B3}.Debug|Any CPU.ActiveCfg = Debug|Any CPU
		{0862C8F5-625B-489D-BF1E-3CC0EB3221B3}.Debug|Any CPU.Build.0 = Debug|Any CPU
		{0862C8F5-625B-489D-BF1E-3CC0EB3221B3}.Release|Any CPU.ActiveCfg = Release|Any CPU
		{0862C8F5-625B-489D-BF1E-3CC0EB3221B3}.Release|Any CPU.Build.0 = Release|Any CPU
		{8285ED82-A566-42FC-95E2-563A9753E7D8}.Debug|Any CPU.ActiveCfg = Debug|Any CPU
		{8285ED82-A566-42FC-95E2-563A9753E7D8}.Debug|Any CPU.Build.0 = Debug|Any CPU
		{8285ED82-A566-42FC-95E2-563A9753E7D8}.Release|Any CPU.ActiveCfg = Release|Any CPU
		{8285ED82-A566-42FC-95E2-563A9753E7D8}.Release|Any CPU.Build.0 = Release|Any CPU
		{007D9658-400C-4537-A5F2-75E6AE0FF2EB}.Debug|Any CPU.ActiveCfg = Debug|Any CPU
		{007D9658-400C-4537-A5F2-75E6AE0FF2EB}.Debug|Any CPU.Build.0 = Debug|Any CPU
		{007D9658-400C-4537-A5F2-75E6AE0FF2EB}.Release|Any CPU.ActiveCfg = Release|Any CPU
		{007D9658-400C-4537-A5F2-75E6AE0FF2EB}.Release|Any CPU.Build.0 = Release|Any CPU
		{3E87841F-6637-4FC1-9BC0-DEC80890787A}.Debug|Any CPU.ActiveCfg = Debug|Any CPU
		{3E87841F-6637-4FC1-9BC0-DEC80890787A}.Debug|Any CPU.Build.0 = Debug|Any CPU
		{3E87841F-6637-4FC1-9BC0-DEC80890787A}.Release|Any CPU.ActiveCfg = Release|Any CPU
		{3E87841F-6637-4FC1-9BC0-DEC80890787A}.Release|Any CPU.Build.0 = Release|Any CPU
		{719704D5-A501-4E75-A2F6-523F8B8E10C8}.Debug|Any CPU.ActiveCfg = Debug|Any CPU
		{719704D5-A501-4E75-A2F6-523F8B8E10C8}.Debug|Any CPU.Build.0 = Debug|Any CPU
		{719704D5-A501-4E75-A2F6-523F8B8E10C8}.Release|Any CPU.ActiveCfg = Release|Any CPU
		{719704D5-A501-4E75-A2F6-523F8B8E10C8}.Release|Any CPU.Build.0 = Release|Any CPU
		{A5A8A30D-7106-40B7-9B01-1A613CBC12E1}.Debug|Any CPU.ActiveCfg = Debug|Any CPU
		{A5A8A30D-7106-40B7-9B01-1A613CBC12E1}.Debug|Any CPU.Build.0 = Debug|Any CPU
		{A5A8A30D-7106-40B7-9B01-1A613CBC12E1}.Release|Any CPU.ActiveCfg = Release|Any CPU
		{A5A8A30D-7106-40B7-9B01-1A613CBC12E1}.Release|Any CPU.Build.0 = Release|Any CPU
		{AB456F68-30D1-4B9A-A08B-57E45FC5040C}.Debug|Any CPU.ActiveCfg = Debug|Any CPU
		{AB456F68-30D1-4B9A-A08B-57E45FC5040C}.Debug|Any CPU.Build.0 = Debug|Any CPU
		{AB456F68-30D1-4B9A-A08B-57E45FC5040C}.Release|Any CPU.ActiveCfg = Release|Any CPU
		{AB456F68-30D1-4B9A-A08B-57E45FC5040C}.Release|Any CPU.Build.0 = Release|Any CPU
		{ED81BAD5-DDCF-407E-B551-652EFAF6ADA1}.Debug|Any CPU.ActiveCfg = Debug|Any CPU
		{ED81BAD5-DDCF-407E-B551-652EFAF6ADA1}.Debug|Any CPU.Build.0 = Debug|Any CPU
		{ED81BAD5-DDCF-407E-B551-652EFAF6ADA1}.Release|Any CPU.ActiveCfg = Release|Any CPU
		{ED81BAD5-DDCF-407E-B551-652EFAF6ADA1}.Release|Any CPU.Build.0 = Release|Any CPU
		{31C621DC-1E63-408C-B001-0CE81549535F}.Debug|Any CPU.ActiveCfg = Debug|Any CPU
		{31C621DC-1E63-408C-B001-0CE81549535F}.Debug|Any CPU.Build.0 = Debug|Any CPU
		{31C621DC-1E63-408C-B001-0CE81549535F}.Release|Any CPU.ActiveCfg = Release|Any CPU
		{31C621DC-1E63-408C-B001-0CE81549535F}.Release|Any CPU.Build.0 = Release|Any CPU
		{8328FE6A-6DDC-4BF6-9FE8-5EE4B65242B0}.Debug|Any CPU.ActiveCfg = Debug|Any CPU
		{8328FE6A-6DDC-4BF6-9FE8-5EE4B65242B0}.Debug|Any CPU.Build.0 = Debug|Any CPU
		{8328FE6A-6DDC-4BF6-9FE8-5EE4B65242B0}.Release|Any CPU.ActiveCfg = Release|Any CPU
		{8328FE6A-6DDC-4BF6-9FE8-5EE4B65242B0}.Release|Any CPU.Build.0 = Release|Any CPU
	EndGlobalSection
	GlobalSection(SolutionProperties) = preSolution
		HideSolutionNode = FALSE
	EndGlobalSection
	GlobalSection(NestedProjects) = preSolution
		{0E858793-80E9-452F-AEF2-B64650C5517E} = {CF373F7D-A275-4280-9ED3-715E2521BFF4}
		{74841141-D1AA-459C-90CE-90B46AC3CE6D} = {CF373F7D-A275-4280-9ED3-715E2521BFF4}
		{7AC27E58-5D05-4F12-9E62-E9ABE0683F8F} = {CF373F7D-A275-4280-9ED3-715E2521BFF4}
		{8660BD80-9440-4EDA-AE8E-E2159E4D9304} = {80056ED7-6F13-495E-8141-064F366FCF99}
		{4660D3DB-1E1E-40C4-92F9-59AB4F4FBBDE} = {47AA5F2E-2D41-43A5-8E6A-7A5EA39D6B28}
		{3441CAE3-2A18-4EA4-8F4F-1F57C6F82702} = {47AA5F2E-2D41-43A5-8E6A-7A5EA39D6B28}
		{A10A8856-968A-444E-95D3-7A5D5D26864D} = {47AA5F2E-2D41-43A5-8E6A-7A5EA39D6B28}
		{B920091A-3786-41F1-91A8-68FE7E90EC7A} = {CBB278CE-F128-4F61-AAFA-6A35FBB33F06}
		{603D3CCB-E587-4699-B536-1CB327CCA5BF} = {CBB278CE-F128-4F61-AAFA-6A35FBB33F06}
		{565D64A6-BE9F-4361-948C-44A641991ABB} = {0E858793-80E9-452F-AEF2-B64650C5517E}
		{AC170A0F-C06C-4CDE-98D2-B759CB838B4F} = {0E858793-80E9-452F-AEF2-B64650C5517E}
		{4673E562-84CB-4016-9D48-E11BB119C5FA} = {7AC27E58-5D05-4F12-9E62-E9ABE0683F8F}
		{70774612-C79D-4B70-B609-8603774E0985} = {8660BD80-9440-4EDA-AE8E-E2159E4D9304}
		{3E420251-0519-40FE-BC4C-42571CDABFF8} = {4660D3DB-1E1E-40C4-92F9-59AB4F4FBBDE}
		{7B82BD2F-7328-444A-BC1F-592316A63A96} = {4660D3DB-1E1E-40C4-92F9-59AB4F4FBBDE}
		{0862C8F5-625B-489D-BF1E-3CC0EB3221B3} = {3441CAE3-2A18-4EA4-8F4F-1F57C6F82702}
		{8285ED82-A566-42FC-95E2-563A9753E7D8} = {A10A8856-968A-444E-95D3-7A5D5D26864D}
		{007D9658-400C-4537-A5F2-75E6AE0FF2EB} = {B920091A-3786-41F1-91A8-68FE7E90EC7A}
		{3E87841F-6637-4FC1-9BC0-DEC80890787A} = {B920091A-3786-41F1-91A8-68FE7E90EC7A}
		{719704D5-A501-4E75-A2F6-523F8B8E10C8} = {603D3CCB-E587-4699-B536-1CB327CCA5BF}
		{A5A8A30D-7106-40B7-9B01-1A613CBC12E1} = {F0E14143-5C6C-47E4-9885-6961D3C12930}
		{AB456F68-30D1-4B9A-A08B-57E45FC5040C} = {74841141-D1AA-459C-90CE-90B46AC3CE6D}
		{A13A4FE7-C11D-4139-BD3A-D561698BF88B} = {CBB278CE-F128-4F61-AAFA-6A35FBB33F06}
		{ED81BAD5-DDCF-407E-B551-652EFAF6ADA1} = {A13A4FE7-C11D-4139-BD3A-D561698BF88B}
		{659D0A98-6B8A-48C2-BD52-B3E76076E37B} = {CBB278CE-F128-4F61-AAFA-6A35FBB33F06}
		{AE1A2051-7CA2-4310-B4B8-98267CC6E701} = {47AA5F2E-2D41-43A5-8E6A-7A5EA39D6B28}
		{31C621DC-1E63-408C-B001-0CE81549535F} = {659D0A98-6B8A-48C2-BD52-B3E76076E37B}
		{8328FE6A-6DDC-4BF6-9FE8-5EE4B65242B0} = {AE1A2051-7CA2-4310-B4B8-98267CC6E701}
	EndGlobalSection
	GlobalSection(ExtensibilityGlobals) = postSolution
		SolutionGuid = {1E51A71B-ACD7-4EFD-AA38-E6EC1462BD98}
	EndGlobalSection
EndGlobal
